// !$*UTF8*$!
{
	archiveVersion = 1;
	classes = {
	};
	objectVersion = 46;
	objects = {

/* Begin PBXAggregateTarget section */
		"MHNetwork::MHNetworkPackageTests::ProductTarget" /* MHNetworkPackageTests */ = {
			isa = PBXAggregateTarget;
			buildConfigurationList = OBJ_53 /* Build configuration list for PBXAggregateTarget "MHNetworkPackageTests" */;
			buildPhases = (
			);
			dependencies = (
				OBJ_56 /* PBXTargetDependency */,
			);
			name = MHNetworkPackageTests;
			productName = MHNetworkPackageTests;
		};
/* End PBXAggregateTarget section */

/* Begin PBXBuildFile section */
		A534A918238C317B002C8826 /* NetworkDispatcherTest.swift in Sources */ = {isa = PBXBuildFile; fileRef = A534A915238C317B002C8826 /* NetworkDispatcherTest.swift */; };
		A534A919238C317B002C8826 /* ResponseTest.swift in Sources */ = {isa = PBXBuildFile; fileRef = A534A916238C317B002C8826 /* ResponseTest.swift */; };
		A534A91A238C317B002C8826 /* TestData.swift in Sources */ = {isa = PBXBuildFile; fileRef = A534A917238C317B002C8826 /* TestData.swift */; };
		OBJ_39 /* Environment.swift in Sources */ = {isa = PBXBuildFile; fileRef = OBJ_9 /* Environment.swift */; };
		OBJ_40 /* StatusCodes.swift in Sources */ = {isa = PBXBuildFile; fileRef = OBJ_11 /* StatusCodes.swift */; };
		OBJ_41 /* NetworkDispatcher.swift in Sources */ = {isa = PBXBuildFile; fileRef = OBJ_12 /* NetworkDispatcher.swift */; };
		OBJ_42 /* Operations.swift in Sources */ = {isa = PBXBuildFile; fileRef = OBJ_13 /* Operations.swift */; };
		OBJ_43 /* Request.swift in Sources */ = {isa = PBXBuildFile; fileRef = OBJ_14 /* Request.swift */; };
		OBJ_44 /* Response.swift in Sources */ = {isa = PBXBuildFile; fileRef = OBJ_15 /* Response.swift */; };
		OBJ_51 /* Package.swift in Sources */ = {isa = PBXBuildFile; fileRef = OBJ_6 /* Package.swift */; };
		OBJ_63 /* XCTestManifests.swift in Sources */ = {isa = PBXBuildFile; fileRef = OBJ_19 /* XCTestManifests.swift */; };
		OBJ_65 /* MHNetwork.framework in Frameworks */ = {isa = PBXBuildFile; fileRef = "MHNetwork::MHNetwork::Product" /* MHNetwork.framework */; };
/* End PBXBuildFile section */

/* Begin PBXContainerItemProxy section */
		A534A90D238C3127002C8826 /* PBXContainerItemProxy */ = {
			isa = PBXContainerItemProxy;
			containerPortal = OBJ_1 /* Project object */;
			proxyType = 1;
			remoteGlobalIDString = "MHNetwork::MHNetwork";
			remoteInfo = MHNetwork;
		};
		A534A90E238C3127002C8826 /* PBXContainerItemProxy */ = {
			isa = PBXContainerItemProxy;
			containerPortal = OBJ_1 /* Project object */;
			proxyType = 1;
			remoteGlobalIDString = "MHNetwork::MHNetworkTests";
			remoteInfo = MHNetworkTests;
		};
/* End PBXContainerItemProxy section */

/* Begin PBXFileReference section */
		A534A915238C317B002C8826 /* NetworkDispatcherTest.swift */ = {isa = PBXFileReference; fileEncoding = 4; lastKnownFileType = sourcecode.swift; name = NetworkDispatcherTest.swift; path = MHNetworkTests/NetworkDispatcherTest.swift; sourceTree = SOURCE_ROOT; };
		A534A916238C317B002C8826 /* ResponseTest.swift */ = {isa = PBXFileReference; fileEncoding = 4; lastKnownFileType = sourcecode.swift; name = ResponseTest.swift; path = MHNetworkTests/ResponseTest.swift; sourceTree = SOURCE_ROOT; };
		A534A917238C317B002C8826 /* TestData.swift */ = {isa = PBXFileReference; fileEncoding = 4; lastKnownFileType = sourcecode.swift; name = TestData.swift; path = MHNetworkTests/TestData.swift; sourceTree = SOURCE_ROOT; };
		"MHNetwork::MHNetwork::Product" /* MHNetwork.framework */ = {isa = PBXFileReference; lastKnownFileType = wrapper.framework; path = MHNetwork.framework; sourceTree = BUILT_PRODUCTS_DIR; };
		"MHNetwork::MHNetworkTests::Product" /* MHNetworkTests.xctest */ = {isa = PBXFileReference; lastKnownFileType = file; path = MHNetworkTests.xctest; sourceTree = BUILT_PRODUCTS_DIR; };
		OBJ_11 /* StatusCodes.swift */ = {isa = PBXFileReference; lastKnownFileType = sourcecode.swift; path = StatusCodes.swift; sourceTree = "<group>"; };
		OBJ_12 /* NetworkDispatcher.swift */ = {isa = PBXFileReference; lastKnownFileType = sourcecode.swift; path = NetworkDispatcher.swift; sourceTree = "<group>"; };
		OBJ_13 /* Operations.swift */ = {isa = PBXFileReference; lastKnownFileType = sourcecode.swift; path = Operations.swift; sourceTree = "<group>"; };
		OBJ_14 /* Request.swift */ = {isa = PBXFileReference; lastKnownFileType = sourcecode.swift; path = Request.swift; sourceTree = "<group>"; };
		OBJ_15 /* Response.swift */ = {isa = PBXFileReference; lastKnownFileType = sourcecode.swift; path = Response.swift; sourceTree = "<group>"; };
		OBJ_19 /* XCTestManifests.swift */ = {isa = PBXFileReference; lastKnownFileType = sourcecode.swift; path = XCTestManifests.swift; sourceTree = "<group>"; };
		OBJ_23 /* MHNetwork.xcworkspace */ = {isa = PBXFileReference; lastKnownFileType = wrapper.workspace; path = MHNetwork.xcworkspace; sourceTree = SOURCE_ROOT; };
		OBJ_24 /* MHNetwork */ = {isa = PBXFileReference; lastKnownFileType = folder; path = MHNetwork; sourceTree = SOURCE_ROOT; };
		OBJ_25 /* Pods */ = {isa = PBXFileReference; lastKnownFileType = folder; path = Pods; sourceTree = SOURCE_ROOT; };
		OBJ_26 /* ExampleApp */ = {isa = PBXFileReference; lastKnownFileType = folder; path = ExampleApp; sourceTree = SOURCE_ROOT; };
		OBJ_27 /* MHNetworkTests */ = {isa = PBXFileReference; lastKnownFileType = folder; path = MHNetworkTests; sourceTree = SOURCE_ROOT; };
		OBJ_28 /* codecov.yml */ = {isa = PBXFileReference; lastKnownFileType = text.yaml; path = codecov.yml; sourceTree = "<group>"; };
		OBJ_29 /* LICENSE */ = {isa = PBXFileReference; lastKnownFileType = text; path = LICENSE; sourceTree = "<group>"; };
		OBJ_30 /* README.md */ = {isa = PBXFileReference; lastKnownFileType = net.daringfireball.markdown; path = README.md; sourceTree = "<group>"; };
		OBJ_31 /* MHNetwork.podspec */ = {isa = PBXFileReference; lastKnownFileType = text; path = MHNetwork.podspec; sourceTree = "<group>"; };
		OBJ_32 /* Podfile */ = {isa = PBXFileReference; lastKnownFileType = text; path = Podfile; sourceTree = "<group>"; };
		OBJ_33 /* Podfile.lock */ = {isa = PBXFileReference; lastKnownFileType = text; path = Podfile.lock; sourceTree = "<group>"; };
		OBJ_6 /* Package.swift */ = {isa = PBXFileReference; explicitFileType = sourcecode.swift; path = Package.swift; sourceTree = "<group>"; };
		OBJ_9 /* Environment.swift */ = {isa = PBXFileReference; lastKnownFileType = sourcecode.swift; path = Environment.swift; sourceTree = "<group>"; };
/* End PBXFileReference section */

/* Begin PBXFrameworksBuildPhase section */
		OBJ_45 /* Frameworks */ = {
			isa = PBXFrameworksBuildPhase;
			buildActionMask = 0;
			files = (
			);
			runOnlyForDeploymentPostprocessing = 0;
		};
		OBJ_64 /* Frameworks */ = {
			isa = PBXFrameworksBuildPhase;
			buildActionMask = 0;
			files = (
				OBJ_65 /* MHNetwork.framework in Frameworks */,
			);
			runOnlyForDeploymentPostprocessing = 0;
		};
/* End PBXFrameworksBuildPhase section */

/* Begin PBXGroup section */
		OBJ_10 /* Helpers */ = {
			isa = PBXGroup;
			children = (
				OBJ_11 /* StatusCodes.swift */,
			);
			path = Helpers;
			sourceTree = "<group>";
		};
		OBJ_16 /* Tests */ = {
			isa = PBXGroup;
			children = (
				OBJ_17 /* MHNetworkTests */,
			);
			name = Tests;
			sourceTree = SOURCE_ROOT;
		};
		OBJ_17 /* MHNetworkTests */ = {
			isa = PBXGroup;
			children = (
				OBJ_19 /* XCTestManifests.swift */,
				A534A915238C317B002C8826 /* NetworkDispatcherTest.swift */,
				A534A916238C317B002C8826 /* ResponseTest.swift */,
				A534A917238C317B002C8826 /* TestData.swift */,
			);
			name = MHNetworkTests;
			path = Tests/MHNetworkTests;
			sourceTree = SOURCE_ROOT;
		};
		OBJ_20 /* Products */ = {
			isa = PBXGroup;
			children = (
				"MHNetwork::MHNetwork::Product" /* MHNetwork.framework */,
				"MHNetwork::MHNetworkTests::Product" /* MHNetworkTests.xctest */,
			);
			name = Products;
			sourceTree = BUILT_PRODUCTS_DIR;
		};
		OBJ_5 /*  */ = {
			isa = PBXGroup;
			children = (
				OBJ_6 /* Package.swift */,
				OBJ_7 /* Sources */,
				OBJ_16 /* Tests */,
				OBJ_20 /* Products */,
				OBJ_23 /* MHNetwork.xcworkspace */,
				OBJ_24 /* MHNetwork */,
				OBJ_25 /* Pods */,
				OBJ_26 /* ExampleApp */,
				OBJ_27 /* MHNetworkTests */,
				OBJ_28 /* codecov.yml */,
				OBJ_29 /* LICENSE */,
				OBJ_30 /* README.md */,
				OBJ_31 /* MHNetwork.podspec */,
				OBJ_32 /* Podfile */,
				OBJ_33 /* Podfile.lock */,
			);
			name = "";
			sourceTree = "<group>";
		};
		OBJ_7 /* Sources */ = {
			isa = PBXGroup;
			children = (
				OBJ_8 /* MHNetwork */,
			);
			name = Sources;
			sourceTree = SOURCE_ROOT;
		};
		OBJ_8 /* MHNetwork */ = {
			isa = PBXGroup;
			children = (
				OBJ_9 /* Environment.swift */,
				OBJ_10 /* Helpers */,
				OBJ_12 /* NetworkDispatcher.swift */,
				OBJ_13 /* Operations.swift */,
				OBJ_14 /* Request.swift */,
				OBJ_15 /* Response.swift */,
			);
			name = MHNetwork;
			path = Sources/MHNetwork;
			sourceTree = SOURCE_ROOT;
		};
/* End PBXGroup section */

/* Begin PBXNativeTarget section */
		"MHNetwork::MHNetwork" /* MHNetwork */ = {
			isa = PBXNativeTarget;
			buildConfigurationList = OBJ_35 /* Build configuration list for PBXNativeTarget "MHNetwork" */;
			buildPhases = (
				OBJ_38 /* Sources */,
				OBJ_45 /* Frameworks */,
			);
			buildRules = (
			);
			dependencies = (
			);
			name = MHNetwork;
			productName = MHNetwork;
			productReference = "MHNetwork::MHNetwork::Product" /* MHNetwork.framework */;
			productType = "com.apple.product-type.framework";
		};
		"MHNetwork::MHNetworkTests" /* MHNetworkTests */ = {
			isa = PBXNativeTarget;
			buildConfigurationList = OBJ_58 /* Build configuration list for PBXNativeTarget "MHNetworkTests" */;
			buildPhases = (
				OBJ_61 /* Sources */,
				OBJ_64 /* Frameworks */,
			);
			buildRules = (
			);
			dependencies = (
				OBJ_66 /* PBXTargetDependency */,
			);
			name = MHNetworkTests;
			productName = MHNetworkTests;
			productReference = "MHNetwork::MHNetworkTests::Product" /* MHNetworkTests.xctest */;
			productType = "com.apple.product-type.bundle.unit-test";
		};
		"MHNetwork::SwiftPMPackageDescription" /* MHNetworkPackageDescription */ = {
			isa = PBXNativeTarget;
			buildConfigurationList = OBJ_47 /* Build configuration list for PBXNativeTarget "MHNetworkPackageDescription" */;
			buildPhases = (
				OBJ_50 /* Sources */,
			);
			buildRules = (
			);
			dependencies = (
			);
			name = MHNetworkPackageDescription;
			productName = MHNetworkPackageDescription;
			productType = "com.apple.product-type.framework";
		};
/* End PBXNativeTarget section */

/* Begin PBXProject section */
		OBJ_1 /* Project object */ = {
			isa = PBXProject;
			attributes = {
				LastSwiftMigration = 9999;
				LastUpgradeCheck = 9999;
			};
			buildConfigurationList = OBJ_2 /* Build configuration list for PBXProject "MHNetwork" */;
			compatibilityVersion = "Xcode 3.2";
			developmentRegion = en;
			hasScannedForEncodings = 0;
			knownRegions = (
				en,
			);
			mainGroup = OBJ_5 /*  */;
			productRefGroup = OBJ_20 /* Products */;
			projectDirPath = "";
			projectRoot = "";
			targets = (
				"MHNetwork::MHNetwork" /* MHNetwork */,
				"MHNetwork::SwiftPMPackageDescription" /* MHNetworkPackageDescription */,
				"MHNetwork::MHNetworkPackageTests::ProductTarget" /* MHNetworkPackageTests */,
				"MHNetwork::MHNetworkTests" /* MHNetworkTests */,
			);
		};
/* End PBXProject section */

/* Begin PBXSourcesBuildPhase section */
		OBJ_38 /* Sources */ = {
			isa = PBXSourcesBuildPhase;
			buildActionMask = 0;
			files = (
				A534A91A238C317B002C8826 /* TestData.swift in Sources */,
				OBJ_39 /* Environment.swift in Sources */,
				OBJ_40 /* StatusCodes.swift in Sources */,
				OBJ_41 /* NetworkDispatcher.swift in Sources */,
				OBJ_42 /* Operations.swift in Sources */,
				A534A919238C317B002C8826 /* ResponseTest.swift in Sources */,
				OBJ_43 /* Request.swift in Sources */,
				OBJ_44 /* Response.swift in Sources */,
				A534A918238C317B002C8826 /* NetworkDispatcherTest.swift in Sources */,
			);
			runOnlyForDeploymentPostprocessing = 0;
		};
		OBJ_50 /* Sources */ = {
			isa = PBXSourcesBuildPhase;
			buildActionMask = 0;
			files = (
				OBJ_51 /* Package.swift in Sources */,
			);
			runOnlyForDeploymentPostprocessing = 0;
		};
		OBJ_61 /* Sources */ = {
			isa = PBXSourcesBuildPhase;
			buildActionMask = 0;
			files = (
				OBJ_63 /* XCTestManifests.swift in Sources */,
			);
			runOnlyForDeploymentPostprocessing = 0;
		};
/* End PBXSourcesBuildPhase section */

/* Begin PBXTargetDependency section */
		OBJ_56 /* PBXTargetDependency */ = {
			isa = PBXTargetDependency;
			target = "MHNetwork::MHNetworkTests" /* MHNetworkTests */;
			targetProxy = A534A90E238C3127002C8826 /* PBXContainerItemProxy */;
		};
		OBJ_66 /* PBXTargetDependency */ = {
			isa = PBXTargetDependency;
			target = "MHNetwork::MHNetwork" /* MHNetwork */;
			targetProxy = A534A90D238C3127002C8826 /* PBXContainerItemProxy */;
		};
/* End PBXTargetDependency section */

/* Begin XCBuildConfiguration section */
		OBJ_3 /* Debug */ = {
			isa = XCBuildConfiguration;
			buildSettings = {
				CLANG_ENABLE_OBJC_ARC = YES;
				COMBINE_HIDPI_IMAGES = YES;
				COPY_PHASE_STRIP = NO;
				DEBUG_INFORMATION_FORMAT = dwarf;
				DYLIB_INSTALL_NAME_BASE = "@rpath";
				ENABLE_NS_ASSERTIONS = YES;
				GCC_OPTIMIZATION_LEVEL = 0;
				GCC_PREPROCESSOR_DEFINITIONS = (
					"$(inherited)",
					"SWIFT_PACKAGE=1",
					"DEBUG=1",
				);
				MACOSX_DEPLOYMENT_TARGET = 10.10;
				ONLY_ACTIVE_ARCH = YES;
				OTHER_SWIFT_FLAGS = "$(inherited) -DXcode";
				PRODUCT_NAME = "$(TARGET_NAME)";
				SDKROOT = macosx;
				SUPPORTED_PLATFORMS = "macosx iphoneos iphonesimulator appletvos appletvsimulator watchos watchsimulator";
				SWIFT_ACTIVE_COMPILATION_CONDITIONS = "$(inherited) SWIFT_PACKAGE DEBUG";
				SWIFT_OPTIMIZATION_LEVEL = "-Onone";
				USE_HEADERMAP = NO;
			};
			name = Debug;
		};
		OBJ_36 /* Debug */ = {
			isa = XCBuildConfiguration;
			buildSettings = {
				ENABLE_TESTABILITY = YES;
				FRAMEWORK_SEARCH_PATHS = (
					"$(inherited)",
					"$(PLATFORM_DIR)/Developer/Library/Frameworks",
				);
				HEADER_SEARCH_PATHS = "$(inherited)";
				INFOPLIST_FILE = MHNetwork.xcodeproj/MHNetwork_Info.plist;
				IPHONEOS_DEPLOYMENT_TARGET = 8.0;
				LD_RUNPATH_SEARCH_PATHS = "$(inherited) $(TOOLCHAIN_DIR)/usr/lib/swift/macosx";
				MACOSX_DEPLOYMENT_TARGET = 10.10;
				OTHER_CFLAGS = "$(inherited)";
				OTHER_LDFLAGS = "$(inherited)";
				OTHER_SWIFT_FLAGS = "$(inherited)";
				PRODUCT_BUNDLE_IDENTIFIER = MHNetwork;
				PRODUCT_MODULE_NAME = "$(TARGET_NAME:c99extidentifier)";
				PRODUCT_NAME = "$(TARGET_NAME:c99extidentifier)";
				SKIP_INSTALL = YES;
				SWIFT_ACTIVE_COMPILATION_CONDITIONS = "$(inherited)";
				SWIFT_VERSION = 5.0;
				TARGET_NAME = MHNetwork;
				TVOS_DEPLOYMENT_TARGET = 9.0;
				WATCHOS_DEPLOYMENT_TARGET = 2.0;
			};
			name = Debug;
		};
		OBJ_37 /* Release */ = {
			isa = XCBuildConfiguration;
			buildSettings = {
				ENABLE_TESTABILITY = YES;
				FRAMEWORK_SEARCH_PATHS = (
					"$(inherited)",
					"$(PLATFORM_DIR)/Developer/Library/Frameworks",
				);
				HEADER_SEARCH_PATHS = "$(inherited)";
				INFOPLIST_FILE = MHNetwork.xcodeproj/MHNetwork_Info.plist;
				IPHONEOS_DEPLOYMENT_TARGET = 8.0;
				LD_RUNPATH_SEARCH_PATHS = "$(inherited) $(TOOLCHAIN_DIR)/usr/lib/swift/macosx";
				MACOSX_DEPLOYMENT_TARGET = 10.10;
				OTHER_CFLAGS = "$(inherited)";
				OTHER_LDFLAGS = "$(inherited)";
				OTHER_SWIFT_FLAGS = "$(inherited)";
				PRODUCT_BUNDLE_IDENTIFIER = MHNetwork;
				PRODUCT_MODULE_NAME = "$(TARGET_NAME:c99extidentifier)";
				PRODUCT_NAME = "$(TARGET_NAME:c99extidentifier)";
				SKIP_INSTALL = YES;
				SWIFT_ACTIVE_COMPILATION_CONDITIONS = "$(inherited)";
				SWIFT_VERSION = 5.0;
				TARGET_NAME = MHNetwork;
				TVOS_DEPLOYMENT_TARGET = 9.0;
				WATCHOS_DEPLOYMENT_TARGET = 2.0;
			};
			name = Release;
		};
		OBJ_4 /* Release */ = {
			isa = XCBuildConfiguration;
			buildSettings = {
				CLANG_ENABLE_OBJC_ARC = YES;
				COMBINE_HIDPI_IMAGES = YES;
				COPY_PHASE_STRIP = YES;
				DEBUG_INFORMATION_FORMAT = "dwarf-with-dsym";
				DYLIB_INSTALL_NAME_BASE = "@rpath";
				GCC_OPTIMIZATION_LEVEL = s;
				GCC_PREPROCESSOR_DEFINITIONS = (
					"$(inherited)",
					"SWIFT_PACKAGE=1",
				);
				MACOSX_DEPLOYMENT_TARGET = 10.10;
				OTHER_SWIFT_FLAGS = "$(inherited) -DXcode";
				PRODUCT_NAME = "$(TARGET_NAME)";
				SDKROOT = macosx;
				SUPPORTED_PLATFORMS = "macosx iphoneos iphonesimulator appletvos appletvsimulator watchos watchsimulator";
				SWIFT_ACTIVE_COMPILATION_CONDITIONS = "$(inherited) SWIFT_PACKAGE";
				SWIFT_OPTIMIZATION_LEVEL = "-Owholemodule";
				USE_HEADERMAP = NO;
			};
			name = Release;
		};
		OBJ_48 /* Debug */ = {
			isa = XCBuildConfiguration;
			buildSettings = {
				LD = /usr/bin/true;
				OTHER_SWIFT_FLAGS = "-swift-version 5 -I $(TOOLCHAIN_DIR)/usr/lib/swift/pm/4_2 -target x86_64-apple-macosx10.10 -sdk /Applications/Xcode.app/Contents/Developer/Platforms/MacOSX.platform/Developer/SDKs/MacOSX10.15.sdk -package-description-version 5.1";
				SWIFT_VERSION = 5.0;
			};
			name = Debug;
		};
		OBJ_49 /* Release */ = {
			isa = XCBuildConfiguration;
			buildSettings = {
				LD = /usr/bin/true;
				OTHER_SWIFT_FLAGS = "-swift-version 5 -I $(TOOLCHAIN_DIR)/usr/lib/swift/pm/4_2 -target x86_64-apple-macosx10.10 -sdk /Applications/Xcode.app/Contents/Developer/Platforms/MacOSX.platform/Developer/SDKs/MacOSX10.15.sdk -package-description-version 5.1";
				SWIFT_VERSION = 5.0;
			};
			name = Release;
		};
		OBJ_54 /* Debug */ = {
			isa = XCBuildConfiguration;
			buildSettings = {
			};
			name = Debug;
		};
		OBJ_55 /* Release */ = {
			isa = XCBuildConfiguration;
			buildSettings = {
			};
			name = Release;
		};
		OBJ_59 /* Debug */ = {
			isa = XCBuildConfiguration;
			buildSettings = {
				CLANG_ENABLE_MODULES = YES;
				EMBEDDED_CONTENT_CONTAINS_SWIFT = YES;
				FRAMEWORK_SEARCH_PATHS = (
					"$(inherited)",
					"$(PLATFORM_DIR)/Developer/Library/Frameworks",
				);
				HEADER_SEARCH_PATHS = "$(inherited)";
				INFOPLIST_FILE = MHNetwork.xcodeproj/MHNetworkTests_Info.plist;
				IPHONEOS_DEPLOYMENT_TARGET = 8.0;
				LD_RUNPATH_SEARCH_PATHS = "$(inherited) @loader_path/../Frameworks @loader_path/Frameworks";
				MACOSX_DEPLOYMENT_TARGET = 10.10;
				OTHER_CFLAGS = "$(inherited)";
				OTHER_LDFLAGS = "$(inherited)";
				OTHER_SWIFT_FLAGS = "$(inherited)";
				SWIFT_ACTIVE_COMPILATION_CONDITIONS = "$(inherited)";
				SWIFT_VERSION = 5.0;
				TARGET_NAME = MHNetworkTests;
				TVOS_DEPLOYMENT_TARGET = 9.0;
				WATCHOS_DEPLOYMENT_TARGET = 2.0;
			};
			name = Debug;
		};
		OBJ_60 /* Release */ = {
			isa = XCBuildConfiguration;
			buildSettings = {
				CLANG_ENABLE_MODULES = YES;
				EMBEDDED_CONTENT_CONTAINS_SWIFT = YES;
				FRAMEWORK_SEARCH_PATHS = (
					"$(inherited)",
					"$(PLATFORM_DIR)/Developer/Library/Frameworks",
				);
				HEADER_SEARCH_PATHS = "$(inherited)";
				INFOPLIST_FILE = MHNetwork.xcodeproj/MHNetworkTests_Info.plist;
				IPHONEOS_DEPLOYMENT_TARGET = 8.0;
				LD_RUNPATH_SEARCH_PATHS = "$(inherited) @loader_path/../Frameworks @loader_path/Frameworks";
				MACOSX_DEPLOYMENT_TARGET = 10.10;
				OTHER_CFLAGS = "$(inherited)";
				OTHER_LDFLAGS = "$(inherited)";
				OTHER_SWIFT_FLAGS = "$(inherited)";
				SWIFT_ACTIVE_COMPILATION_CONDITIONS = "$(inherited)";
				SWIFT_VERSION = 5.0;
				TARGET_NAME = MHNetworkTests;
				TVOS_DEPLOYMENT_TARGET = 9.0;
				WATCHOS_DEPLOYMENT_TARGET = 2.0;
			};
			name = Release;
		};
/* End XCBuildConfiguration section */

/* Begin XCConfigurationList section */
		OBJ_2 /* Build configuration list for PBXProject "MHNetwork" */ = {
			isa = XCConfigurationList;
			buildConfigurations = (
				OBJ_3 /* Debug */,
				OBJ_4 /* Release */,
			);
			defaultConfigurationIsVisible = 0;
			defaultConfigurationName = Release;
		};
		OBJ_35 /* Build configuration list for PBXNativeTarget "MHNetwork" */ = {
			isa = XCConfigurationList;
			buildConfigurations = (
				OBJ_36 /* Debug */,
				OBJ_37 /* Release */,
			);
			defaultConfigurationIsVisible = 0;
			defaultConfigurationName = Release;
		};
		OBJ_47 /* Build configuration list for PBXNativeTarget "MHNetworkPackageDescription" */ = {
			isa = XCConfigurationList;
			buildConfigurations = (
				OBJ_48 /* Debug */,
				OBJ_49 /* Release */,
			);
			defaultConfigurationIsVisible = 0;
			defaultConfigurationName = Release;
		};
		OBJ_53 /* Build configuration list for PBXAggregateTarget "MHNetworkPackageTests" */ = {
			isa = XCConfigurationList;
			buildConfigurations = (
				OBJ_54 /* Debug */,
				OBJ_55 /* Release */,
			);
			defaultConfigurationIsVisible = 0;
			defaultConfigurationName = Release;
		};
		OBJ_58 /* Build configuration list for PBXNativeTarget "MHNetworkTests" */ = {
			isa = XCConfigurationList;
			buildConfigurations = (
				OBJ_59 /* Debug */,
				OBJ_60 /* Release */,
			);
			defaultConfigurationIsVisible = 0;
			defaultConfigurationName = Release;
		};
/* End XCConfigurationList section */
	};
	rootObject = OBJ_1 /* Project object */;
}
