// !$*UTF8*$!
{
	archiveVersion = 1;
	classes = {
	};
	objectVersion = 50;
	objects = {

/* Begin PBXBuildFile section */
		FD66C17F22E1FC1F00E35B5F /* AppDelegate.swift in Sources */ = {isa = PBXBuildFile; fileRef = FD66C17E22E1FC1F00E35B5F /* AppDelegate.swift */; };
		FD66C18622E1FC2000E35B5F /* Assets.xcassets in Resources */ = {isa = PBXBuildFile; fileRef = FD66C18522E1FC2000E35B5F /* Assets.xcassets */; };
		FD66C18922E1FC2000E35B5F /* LaunchScreen.storyboard in Resources */ = {isa = PBXBuildFile; fileRef = FD66C18722E1FC2000E35B5F /* LaunchScreen.storyboard */; };
		FD66C1AD22E1FF6300E35B5F /* Error+Extensions.swift in Sources */ = {isa = PBXBuildFile; fileRef = FD66C1AC22E1FF6300E35B5F /* Error+Extensions.swift */; };
		FD66C1D722E2014900E35B5F /* Container.swift in Sources */ = {isa = PBXBuildFile; fileRef = FD66C1B122E2014900E35B5F /* Container.swift */; };
		FD66C1D822E2014900E35B5F /* PostRequests.swift in Sources */ = {isa = PBXBuildFile; fileRef = FD66C1B322E2014900E35B5F /* PostRequests.swift */; };
		FD66C1D922E2014900E35B5F /* GetPostTask.swift in Sources */ = {isa = PBXBuildFile; fileRef = FD66C1B422E2014900E35B5F /* GetPostTask.swift */; };
		FD66C1DA22E2014900E35B5F /* PostInteractor.swift in Sources */ = {isa = PBXBuildFile; fileRef = FD66C1B522E2014900E35B5F /* PostInteractor.swift */; };
		FD66C1DB22E2014900E35B5F /* BaseDatasources.swift in Sources */ = {isa = PBXBuildFile; fileRef = FD66C1B722E2014900E35B5F /* BaseDatasources.swift */; };
		FD66C1DC22E2014900E35B5F /* BaseRouter.swift in Sources */ = {isa = PBXBuildFile; fileRef = FD66C1B822E2014900E35B5F /* BaseRouter.swift */; };
		FD66C1DD22E2014900E35B5F /* PostViewController.swift in Sources */ = {isa = PBXBuildFile; fileRef = FD66C1B922E2014900E35B5F /* PostViewController.swift */; };
		FD66C1DE22E2014900E35B5F /* PostProtocols.swift in Sources */ = {isa = PBXBuildFile; fileRef = FD66C1BA22E2014900E35B5F /* PostProtocols.swift */; };
		FD66C1DF22E2014900E35B5F /* UserCell.xib in Resources */ = {isa = PBXBuildFile; fileRef = FD66C1BE22E2014900E35B5F /* UserCell.xib */; };
		FD66C1E022E2014900E35B5F /* UserCell.swift in Sources */ = {isa = PBXBuildFile; fileRef = FD66C1BF22E2014900E35B5F /* UserCell.swift */; };
		FD66C1E122E2014900E35B5F /* UserDatasources.swift in Sources */ = {isa = PBXBuildFile; fileRef = FD66C1C022E2014900E35B5F /* UserDatasources.swift */; };
		FD66C1E222E2014900E35B5F /* UserRouter.swift in Sources */ = {isa = PBXBuildFile; fileRef = FD66C1C122E2014900E35B5F /* UserRouter.swift */; };
		FD66C1E322E2014900E35B5F /* UserViewController.xib in Resources */ = {isa = PBXBuildFile; fileRef = FD66C1C222E2014900E35B5F /* UserViewController.xib */; };
		FD66C1E422E2014900E35B5F /* UserRequests.swift in Sources */ = {isa = PBXBuildFile; fileRef = FD66C1C422E2014900E35B5F /* UserRequests.swift */; };
		FD66C1E522E2014900E35B5F /* GetUsersTask.swift in Sources */ = {isa = PBXBuildFile; fileRef = FD66C1C522E2014900E35B5F /* GetUsersTask.swift */; };
		FD66C1E622E2014900E35B5F /* UserViewController.swift in Sources */ = {isa = PBXBuildFile; fileRef = FD66C1C622E2014900E35B5F /* UserViewController.swift */; };
		FD66C1E722E2014900E35B5F /* UserProtocols.swift in Sources */ = {isa = PBXBuildFile; fileRef = FD66C1C722E2014900E35B5F /* UserProtocols.swift */; };
		FD66C1E822E2014900E35B5F /* UserInteractor.swift in Sources */ = {isa = PBXBuildFile; fileRef = FD66C1C822E2014900E35B5F /* UserInteractor.swift */; };
		FD66C1E922E2014900E35B5F /* User.swift in Sources */ = {isa = PBXBuildFile; fileRef = FD66C1CA22E2014900E35B5F /* User.swift */; };
		FD66C1EA22E2014900E35B5F /* UserPresenter.swift in Sources */ = {isa = PBXBuildFile; fileRef = FD66C1CB22E2014900E35B5F /* UserPresenter.swift */; };
		FD66C1EB22E2014900E35B5F /* PostPresenter.swift in Sources */ = {isa = PBXBuildFile; fileRef = FD66C1CC22E2014900E35B5F /* PostPresenter.swift */; };
		FD66C1EC22E2014900E35B5F /* PostsDatasources.swift in Sources */ = {isa = PBXBuildFile; fileRef = FD66C1CD22E2014900E35B5F /* PostsDatasources.swift */; };
		FD66C1ED22E2014900E35B5F /* Post.swift in Sources */ = {isa = PBXBuildFile; fileRef = FD66C1CE22E2014900E35B5F /* Post.swift */; };
		FD66C1EE22E2014900E35B5F /* PostViewController.xib in Resources */ = {isa = PBXBuildFile; fileRef = FD66C1CF22E2014900E35B5F /* PostViewController.xib */; };
		FD66C1EF22E2014900E35B5F /* PostCell.xib in Resources */ = {isa = PBXBuildFile; fileRef = FD66C1D022E2014900E35B5F /* PostCell.xib */; };
		FD66C1F022E2014900E35B5F /* PostCell.swift in Sources */ = {isa = PBXBuildFile; fileRef = FD66C1D122E2014900E35B5F /* PostCell.swift */; };
		FD66C1F122E2014900E35B5F /* PostRouter.swift in Sources */ = {isa = PBXBuildFile; fileRef = FD66C1D222E2014900E35B5F /* PostRouter.swift */; };
		FD66C1F222E2014900E35B5F /* TableViewCell+Extensions.swift in Sources */ = {isa = PBXBuildFile; fileRef = FD66C1D522E2014900E35B5F /* TableViewCell+Extensions.swift */; };
		FD66C1F322E2014900E35B5F /* UIColor+Extension.swift in Sources */ = {isa = PBXBuildFile; fileRef = FD66C1D622E2014900E35B5F /* UIColor+Extension.swift */; };
		FD66C1FA22E2042200E35B5F /* Environment.swift in Sources */ = {isa = PBXBuildFile; fileRef = FD75388A20FCBCF100F99D83 /* Environment.swift */; };
		FD66C1FB22E2042200E35B5F /* Response.swift in Sources */ = {isa = PBXBuildFile; fileRef = FD75388B20FCBCF100F99D83 /* Response.swift */; };
		FD66C1FC22E2042200E35B5F /* Request.swift in Sources */ = {isa = PBXBuildFile; fileRef = FD75388C20FCBCF100F99D83 /* Request.swift */; };
		FD66C1FD22E2042200E35B5F /* Operations.swift in Sources */ = {isa = PBXBuildFile; fileRef = FDA192B120FE4944001C586F /* Operations.swift */; };
		FD66C1FE22E2042200E35B5F /* NetworkDispatcher.swift in Sources */ = {isa = PBXBuildFile; fileRef = FD75388F20FCBCF100F99D83 /* NetworkDispatcher.swift */; };
		FD66C1FF22E2042200E35B5F /* StatusCodes.swift in Sources */ = {isa = PBXBuildFile; fileRef = FD7AB6222102447E00B95DBB /* StatusCodes.swift */; };
		FD66C21E22E205AC00E35B5F /* MHNetwork.framework in Frameworks */ = {isa = PBXBuildFile; fileRef = FD75386F20FCBCC700F99D83 /* MHNetwork.framework */; };
		FD66C22422E205B400E35B5F /* NetworkDispatcherTest.swift in Sources */ = {isa = PBXBuildFile; fileRef = FDCC0B6E20FCC9A100092F44 /* NetworkDispatcherTest.swift */; };
		FD66C22522E205B400E35B5F /* TestData.swift in Sources */ = {isa = PBXBuildFile; fileRef = FDCC0B7120FCCD4C00092F44 /* TestData.swift */; };
		FD66C22622E205B400E35B5F /* ResponseTest.swift in Sources */ = {isa = PBXBuildFile; fileRef = FDCC0B6D20FCC9A100092F44 /* ResponseTest.swift */; };
		FD75388020FCBCC700F99D83 /* MHNetwork.h in Headers */ = {isa = PBXBuildFile; fileRef = FD75387220FCBCC700F99D83 /* MHNetwork.h */; settings = {ATTRIBUTES = (Public, ); }; };
		FD75389020FCBCF100F99D83 /* Environment.swift in Sources */ = {isa = PBXBuildFile; fileRef = FD75388A20FCBCF100F99D83 /* Environment.swift */; };
		FD75389120FCBCF100F99D83 /* Response.swift in Sources */ = {isa = PBXBuildFile; fileRef = FD75388B20FCBCF100F99D83 /* Response.swift */; };
		FD75389220FCBCF100F99D83 /* Request.swift in Sources */ = {isa = PBXBuildFile; fileRef = FD75388C20FCBCF100F99D83 /* Request.swift */; };
		FD75389520FCBCF100F99D83 /* NetworkDispatcher.swift in Sources */ = {isa = PBXBuildFile; fileRef = FD75388F20FCBCF100F99D83 /* NetworkDispatcher.swift */; };
		FD7AB6232102447E00B95DBB /* StatusCodes.swift in Sources */ = {isa = PBXBuildFile; fileRef = FD7AB6222102447E00B95DBB /* StatusCodes.swift */; };
		FDA192B220FE4944001C586F /* Operations.swift in Sources */ = {isa = PBXBuildFile; fileRef = FDA192B120FE4944001C586F /* Operations.swift */; };
/* End PBXBuildFile section */

/* Begin PBXContainerItemProxy section */
		FD66C21F22E205AC00E35B5F /* PBXContainerItemProxy */ = {
			isa = PBXContainerItemProxy;
			containerPortal = FD75386620FCBCC700F99D83 /* Project object */;
			proxyType = 1;
			remoteGlobalIDString = FD75386E20FCBCC700F99D83;
			remoteInfo = MHNetwork;
		};
		FD87967522E20ABD00EC2153 /* PBXContainerItemProxy */ = {
			isa = PBXContainerItemProxy;
			containerPortal = FD75386620FCBCC700F99D83 /* Project object */;
			proxyType = 1;
			remoteGlobalIDString = FD66C17B22E1FC1F00E35B5F;
			remoteInfo = ExampleApp;
		};
/* End PBXContainerItemProxy section */

/* Begin PBXFileReference section */
		FD66C17C22E1FC1F00E35B5F /* ExampleApp.app */ = {isa = PBXFileReference; explicitFileType = wrapper.application; includeInIndex = 0; path = ExampleApp.app; sourceTree = BUILT_PRODUCTS_DIR; };
		FD66C17E22E1FC1F00E35B5F /* AppDelegate.swift */ = {isa = PBXFileReference; lastKnownFileType = sourcecode.swift; path = AppDelegate.swift; sourceTree = "<group>"; };
		FD66C18522E1FC2000E35B5F /* Assets.xcassets */ = {isa = PBXFileReference; lastKnownFileType = folder.assetcatalog; path = Assets.xcassets; sourceTree = "<group>"; };
		FD66C18822E1FC2000E35B5F /* Base */ = {isa = PBXFileReference; lastKnownFileType = file.storyboard; name = Base; path = Base.lproj/LaunchScreen.storyboard; sourceTree = "<group>"; };
		FD66C18A22E1FC2000E35B5F /* Info.plist */ = {isa = PBXFileReference; lastKnownFileType = text.plist.xml; path = Info.plist; sourceTree = "<group>"; };
		FD66C1AC22E1FF6300E35B5F /* Error+Extensions.swift */ = {isa = PBXFileReference; lastKnownFileType = sourcecode.swift; path = "Error+Extensions.swift"; sourceTree = "<group>"; };
		FD66C1B122E2014900E35B5F /* Container.swift */ = {isa = PBXFileReference; fileEncoding = 4; lastKnownFileType = sourcecode.swift; path = Container.swift; sourceTree = "<group>"; };
		FD66C1B322E2014900E35B5F /* PostRequests.swift */ = {isa = PBXFileReference; fileEncoding = 4; lastKnownFileType = sourcecode.swift; path = PostRequests.swift; sourceTree = "<group>"; };
		FD66C1B422E2014900E35B5F /* GetPostTask.swift */ = {isa = PBXFileReference; fileEncoding = 4; lastKnownFileType = sourcecode.swift; path = GetPostTask.swift; sourceTree = "<group>"; };
		FD66C1B522E2014900E35B5F /* PostInteractor.swift */ = {isa = PBXFileReference; fileEncoding = 4; lastKnownFileType = sourcecode.swift; path = PostInteractor.swift; sourceTree = "<group>"; };
		FD66C1B722E2014900E35B5F /* BaseDatasources.swift */ = {isa = PBXFileReference; fileEncoding = 4; lastKnownFileType = sourcecode.swift; path = BaseDatasources.swift; sourceTree = "<group>"; };
		FD66C1B822E2014900E35B5F /* BaseRouter.swift */ = {isa = PBXFileReference; fileEncoding = 4; lastKnownFileType = sourcecode.swift; path = BaseRouter.swift; sourceTree = "<group>"; };
		FD66C1B922E2014900E35B5F /* PostViewController.swift */ = {isa = PBXFileReference; fileEncoding = 4; lastKnownFileType = sourcecode.swift; path = PostViewController.swift; sourceTree = "<group>"; };
		FD66C1BA22E2014900E35B5F /* PostProtocols.swift */ = {isa = PBXFileReference; fileEncoding = 4; lastKnownFileType = sourcecode.swift; path = PostProtocols.swift; sourceTree = "<group>"; };
		FD66C1BE22E2014900E35B5F /* UserCell.xib */ = {isa = PBXFileReference; fileEncoding = 4; lastKnownFileType = file.xib; path = UserCell.xib; sourceTree = "<group>"; };
		FD66C1BF22E2014900E35B5F /* UserCell.swift */ = {isa = PBXFileReference; fileEncoding = 4; lastKnownFileType = sourcecode.swift; path = UserCell.swift; sourceTree = "<group>"; };
		FD66C1C022E2014900E35B5F /* UserDatasources.swift */ = {isa = PBXFileReference; fileEncoding = 4; lastKnownFileType = sourcecode.swift; path = UserDatasources.swift; sourceTree = "<group>"; };
		FD66C1C122E2014900E35B5F /* UserRouter.swift */ = {isa = PBXFileReference; fileEncoding = 4; lastKnownFileType = sourcecode.swift; path = UserRouter.swift; sourceTree = "<group>"; };
		FD66C1C222E2014900E35B5F /* UserViewController.xib */ = {isa = PBXFileReference; fileEncoding = 4; lastKnownFileType = file.xib; path = UserViewController.xib; sourceTree = "<group>"; };
		FD66C1C422E2014900E35B5F /* UserRequests.swift */ = {isa = PBXFileReference; fileEncoding = 4; lastKnownFileType = sourcecode.swift; path = UserRequests.swift; sourceTree = "<group>"; };
		FD66C1C522E2014900E35B5F /* GetUsersTask.swift */ = {isa = PBXFileReference; fileEncoding = 4; lastKnownFileType = sourcecode.swift; path = GetUsersTask.swift; sourceTree = "<group>"; };
		FD66C1C622E2014900E35B5F /* UserViewController.swift */ = {isa = PBXFileReference; fileEncoding = 4; lastKnownFileType = sourcecode.swift; path = UserViewController.swift; sourceTree = "<group>"; };
		FD66C1C722E2014900E35B5F /* UserProtocols.swift */ = {isa = PBXFileReference; fileEncoding = 4; lastKnownFileType = sourcecode.swift; path = UserProtocols.swift; sourceTree = "<group>"; };
		FD66C1C822E2014900E35B5F /* UserInteractor.swift */ = {isa = PBXFileReference; fileEncoding = 4; lastKnownFileType = sourcecode.swift; path = UserInteractor.swift; sourceTree = "<group>"; };
		FD66C1CA22E2014900E35B5F /* User.swift */ = {isa = PBXFileReference; fileEncoding = 4; lastKnownFileType = sourcecode.swift; path = User.swift; sourceTree = "<group>"; };
		FD66C1CB22E2014900E35B5F /* UserPresenter.swift */ = {isa = PBXFileReference; fileEncoding = 4; lastKnownFileType = sourcecode.swift; path = UserPresenter.swift; sourceTree = "<group>"; };
		FD66C1CC22E2014900E35B5F /* PostPresenter.swift */ = {isa = PBXFileReference; fileEncoding = 4; lastKnownFileType = sourcecode.swift; path = PostPresenter.swift; sourceTree = "<group>"; };
		FD66C1CD22E2014900E35B5F /* PostsDatasources.swift */ = {isa = PBXFileReference; fileEncoding = 4; lastKnownFileType = sourcecode.swift; path = PostsDatasources.swift; sourceTree = "<group>"; };
		FD66C1CE22E2014900E35B5F /* Post.swift */ = {isa = PBXFileReference; fileEncoding = 4; lastKnownFileType = sourcecode.swift; path = Post.swift; sourceTree = "<group>"; };
		FD66C1CF22E2014900E35B5F /* PostViewController.xib */ = {isa = PBXFileReference; fileEncoding = 4; lastKnownFileType = file.xib; path = PostViewController.xib; sourceTree = "<group>"; };
		FD66C1D022E2014900E35B5F /* PostCell.xib */ = {isa = PBXFileReference; fileEncoding = 4; lastKnownFileType = file.xib; path = PostCell.xib; sourceTree = "<group>"; };
		FD66C1D122E2014900E35B5F /* PostCell.swift */ = {isa = PBXFileReference; fileEncoding = 4; lastKnownFileType = sourcecode.swift; path = PostCell.swift; sourceTree = "<group>"; };
		FD66C1D222E2014900E35B5F /* PostRouter.swift */ = {isa = PBXFileReference; fileEncoding = 4; lastKnownFileType = sourcecode.swift; path = PostRouter.swift; sourceTree = "<group>"; };
		FD66C1D522E2014900E35B5F /* TableViewCell+Extensions.swift */ = {isa = PBXFileReference; fileEncoding = 4; lastKnownFileType = sourcecode.swift; path = "TableViewCell+Extensions.swift"; sourceTree = "<group>"; };
		FD66C1D622E2014900E35B5F /* UIColor+Extension.swift */ = {isa = PBXFileReference; fileEncoding = 4; lastKnownFileType = sourcecode.swift; path = "UIColor+Extension.swift"; sourceTree = "<group>"; };
		FD66C21922E205AC00E35B5F /* MHNetworkTests.xctest */ = {isa = PBXFileReference; explicitFileType = wrapper.cfbundle; includeInIndex = 0; path = MHNetworkTests.xctest; sourceTree = BUILT_PRODUCTS_DIR; };
		FD66C21D22E205AC00E35B5F /* Info.plist */ = {isa = PBXFileReference; lastKnownFileType = text.plist.xml; path = Info.plist; sourceTree = "<group>"; };
		FD75386F20FCBCC700F99D83 /* MHNetwork.framework */ = {isa = PBXFileReference; explicitFileType = wrapper.framework; includeInIndex = 0; path = MHNetwork.framework; sourceTree = BUILT_PRODUCTS_DIR; };
		FD75387220FCBCC700F99D83 /* MHNetwork.h */ = {isa = PBXFileReference; lastKnownFileType = sourcecode.c.h; path = MHNetwork.h; sourceTree = "<group>"; };
		FD75387320FCBCC700F99D83 /* Info.plist */ = {isa = PBXFileReference; lastKnownFileType = text.plist.xml; path = Info.plist; sourceTree = "<group>"; };
		FD75388A20FCBCF100F99D83 /* Environment.swift */ = {isa = PBXFileReference; fileEncoding = 4; lastKnownFileType = sourcecode.swift; path = Environment.swift; sourceTree = "<group>"; };
		FD75388B20FCBCF100F99D83 /* Response.swift */ = {isa = PBXFileReference; fileEncoding = 4; lastKnownFileType = sourcecode.swift; path = Response.swift; sourceTree = "<group>"; };
		FD75388C20FCBCF100F99D83 /* Request.swift */ = {isa = PBXFileReference; fileEncoding = 4; lastKnownFileType = sourcecode.swift; path = Request.swift; sourceTree = "<group>"; };
		FD75388F20FCBCF100F99D83 /* NetworkDispatcher.swift */ = {isa = PBXFileReference; fileEncoding = 4; lastKnownFileType = sourcecode.swift; path = NetworkDispatcher.swift; sourceTree = "<group>"; };
		FD7AB6222102447E00B95DBB /* StatusCodes.swift */ = {isa = PBXFileReference; lastKnownFileType = sourcecode.swift; path = StatusCodes.swift; sourceTree = "<group>"; };
		FDA192B120FE4944001C586F /* Operations.swift */ = {isa = PBXFileReference; fileEncoding = 4; lastKnownFileType = sourcecode.swift; path = Operations.swift; sourceTree = "<group>"; };
		FDCC0B6D20FCC9A100092F44 /* ResponseTest.swift */ = {isa = PBXFileReference; fileEncoding = 4; lastKnownFileType = sourcecode.swift; path = ResponseTest.swift; sourceTree = "<group>"; };
		FDCC0B6E20FCC9A100092F44 /* NetworkDispatcherTest.swift */ = {isa = PBXFileReference; fileEncoding = 4; lastKnownFileType = sourcecode.swift; path = NetworkDispatcherTest.swift; sourceTree = "<group>"; };
		FDCC0B7120FCCD4C00092F44 /* TestData.swift */ = {isa = PBXFileReference; fileEncoding = 4; lastKnownFileType = sourcecode.swift; path = TestData.swift; sourceTree = "<group>"; };
/* End PBXFileReference section */

/* Begin PBXFrameworksBuildPhase section */
		FD66C17922E1FC1F00E35B5F /* Frameworks */ = {
			isa = PBXFrameworksBuildPhase;
			buildActionMask = 2147483647;
			files = (
			);
			runOnlyForDeploymentPostprocessing = 0;
		};
		FD66C21622E205AC00E35B5F /* Frameworks */ = {
			isa = PBXFrameworksBuildPhase;
			buildActionMask = 2147483647;
			files = (
				FD66C21E22E205AC00E35B5F /* MHNetwork.framework in Frameworks */,
			);
			runOnlyForDeploymentPostprocessing = 0;
		};
		FD75386B20FCBCC700F99D83 /* Frameworks */ = {
			isa = PBXFrameworksBuildPhase;
			buildActionMask = 2147483647;
			files = (
			);
			runOnlyForDeploymentPostprocessing = 0;
		};
/* End PBXFrameworksBuildPhase section */

/* Begin PBXGroup section */
		9A7EA4C64E447A2FC0BA5B27 /* Frameworks */ = {
			isa = PBXGroup;
			children = (
			);
			name = Frameworks;
			sourceTree = "<group>";
		};
		FD1F50ED2105D7C900313702 /* Helpers */ = {
			isa = PBXGroup;
			children = (
				FD7AB6222102447E00B95DBB /* StatusCodes.swift */,
			);
			path = Helpers;
			sourceTree = "<group>";
		};
		FD66C17D22E1FC1F00E35B5F /* ExampleApp */ = {
			isa = PBXGroup;
			children = (
				FD66C1AE22E2014900E35B5F /* Classes */,
				FD66C17E22E1FC1F00E35B5F /* AppDelegate.swift */,
				FD66C18522E1FC2000E35B5F /* Assets.xcassets */,
				FD66C18722E1FC2000E35B5F /* LaunchScreen.storyboard */,
				FD66C18A22E1FC2000E35B5F /* Info.plist */,
			);
			path = ExampleApp;
			sourceTree = "<group>";
		};
		FD66C1AE22E2014900E35B5F /* Classes */ = {
			isa = PBXGroup;
			children = (
				FD66C1AF22E2014900E35B5F /* Managers */,
				FD66C1B222E2014900E35B5F /* Features */,
				FD66C1D322E2014900E35B5F /* Helpers */,
			);
			path = Classes;
			sourceTree = "<group>";
		};
		FD66C1AF22E2014900E35B5F /* Managers */ = {
			isa = PBXGroup;
			children = (
				FD66C1B022E2014900E35B5F /* DependencyInjection */,
			);
			path = Managers;
			sourceTree = "<group>";
		};
		FD66C1B022E2014900E35B5F /* DependencyInjection */ = {
			isa = PBXGroup;
			children = (
				FD66C1B122E2014900E35B5F /* Container.swift */,
			);
			path = DependencyInjection;
			sourceTree = "<group>";
		};
		FD66C1B222E2014900E35B5F /* Features */ = {
			isa = PBXGroup;
			children = (
				FD66C1B622E2014900E35B5F /* Bases */,
				FD66C1BB22E2014900E35B5F /* Users */,
				FD66C1F422E2018000E35B5F /* Posts */,
			);
			path = Features;
			sourceTree = "<group>";
		};
		FD66C1B622E2014900E35B5F /* Bases */ = {
			isa = PBXGroup;
			children = (
				FD66C1B722E2014900E35B5F /* BaseDatasources.swift */,
				FD66C1B822E2014900E35B5F /* BaseRouter.swift */,
			);
			path = Bases;
			sourceTree = "<group>";
		};
		FD66C1BB22E2014900E35B5F /* Users */ = {
			isa = PBXGroup;
			children = (
				FD66C1C922E2014900E35B5F /* Entities */,
				FD66C1C322E2014900E35B5F /* Requests */,
				FD66C1BC22E2014900E35B5F /* Datasources */,
				FD66C1C122E2014900E35B5F /* UserRouter.swift */,
				FD66C1C222E2014900E35B5F /* UserViewController.xib */,
				FD66C1C622E2014900E35B5F /* UserViewController.swift */,
				FD66C1C722E2014900E35B5F /* UserProtocols.swift */,
				FD66C1C822E2014900E35B5F /* UserInteractor.swift */,
				FD66C1CB22E2014900E35B5F /* UserPresenter.swift */,
			);
			path = Users;
			sourceTree = "<group>";
		};
		FD66C1BC22E2014900E35B5F /* Datasources */ = {
			isa = PBXGroup;
			children = (
				FD66C1BD22E2014900E35B5F /* Cells */,
				FD66C1C022E2014900E35B5F /* UserDatasources.swift */,
			);
			path = Datasources;
			sourceTree = "<group>";
		};
		FD66C1BD22E2014900E35B5F /* Cells */ = {
			isa = PBXGroup;
			children = (
				FD66C1BE22E2014900E35B5F /* UserCell.xib */,
				FD66C1BF22E2014900E35B5F /* UserCell.swift */,
			);
			path = Cells;
			sourceTree = "<group>";
		};
		FD66C1C322E2014900E35B5F /* Requests */ = {
			isa = PBXGroup;
			children = (
				FD66C1C422E2014900E35B5F /* UserRequests.swift */,
				FD66C1C522E2014900E35B5F /* GetUsersTask.swift */,
			);
			path = Requests;
			sourceTree = "<group>";
		};
		FD66C1C922E2014900E35B5F /* Entities */ = {
			isa = PBXGroup;
			children = (
				FD66C1CA22E2014900E35B5F /* User.swift */,
			);
			path = Entities;
			sourceTree = "<group>";
		};
		FD66C1D322E2014900E35B5F /* Helpers */ = {
			isa = PBXGroup;
			children = (
				FD66C1D422E2014900E35B5F /* Extensions */,
			);
			path = Helpers;
			sourceTree = "<group>";
		};
		FD66C1D422E2014900E35B5F /* Extensions */ = {
			isa = PBXGroup;
			children = (
				FD66C1AC22E1FF6300E35B5F /* Error+Extensions.swift */,
				FD66C1D522E2014900E35B5F /* TableViewCell+Extensions.swift */,
				FD66C1D622E2014900E35B5F /* UIColor+Extension.swift */,
			);
			path = Extensions;
			sourceTree = "<group>";
		};
		FD66C1F422E2018000E35B5F /* Posts */ = {
			isa = PBXGroup;
			children = (
				FD66C1F722E201AF00E35B5F /* Entities */,
				FD66C1F622E2019600E35B5F /* Requests */,
				FD66C1F822E201C000E35B5F /* Datasources */,
				FD66C1B522E2014900E35B5F /* PostInteractor.swift */,
				FD66C1B922E2014900E35B5F /* PostViewController.swift */,
				FD66C1BA22E2014900E35B5F /* PostProtocols.swift */,
				FD66C1CC22E2014900E35B5F /* PostPresenter.swift */,
				FD66C1CF22E2014900E35B5F /* PostViewController.xib */,
				FD66C1D222E2014900E35B5F /* PostRouter.swift */,
			);
			path = Posts;
			sourceTree = "<group>";
		};
		FD66C1F622E2019600E35B5F /* Requests */ = {
			isa = PBXGroup;
			children = (
				FD66C1B322E2014900E35B5F /* PostRequests.swift */,
				FD66C1B422E2014900E35B5F /* GetPostTask.swift */,
			);
			path = Requests;
			sourceTree = "<group>";
		};
		FD66C1F722E201AF00E35B5F /* Entities */ = {
			isa = PBXGroup;
			children = (
				FD66C1CE22E2014900E35B5F /* Post.swift */,
			);
			path = Entities;
			sourceTree = "<group>";
		};
		FD66C1F822E201C000E35B5F /* Datasources */ = {
			isa = PBXGroup;
			children = (
				FD66C1F922E201D200E35B5F /* Cells */,
				FD66C1CD22E2014900E35B5F /* PostsDatasources.swift */,
			);
			path = Datasources;
			sourceTree = "<group>";
		};
		FD66C1F922E201D200E35B5F /* Cells */ = {
			isa = PBXGroup;
			children = (
				FD66C1D022E2014900E35B5F /* PostCell.xib */,
				FD66C1D122E2014900E35B5F /* PostCell.swift */,
			);
			path = Cells;
			sourceTree = "<group>";
		};
		FD66C21A22E205AC00E35B5F /* MHNetworkTests */ = {
			isa = PBXGroup;
			children = (
				FDCC0B6E20FCC9A100092F44 /* NetworkDispatcherTest.swift */,
				FDCC0B6D20FCC9A100092F44 /* ResponseTest.swift */,
				FDCC0B7120FCCD4C00092F44 /* TestData.swift */,
				FD66C21D22E205AC00E35B5F /* Info.plist */,
			);
			path = MHNetworkTests;
			sourceTree = "<group>";
		};
		FD75386520FCBCC700F99D83 = {
			isa = PBXGroup;
			children = (
				FD66C17D22E1FC1F00E35B5F /* ExampleApp */,
				FD75387120FCBCC700F99D83 /* MHNetwork */,
				FD66C21A22E205AC00E35B5F /* MHNetworkTests */,
				FD75387020FCBCC700F99D83 /* Products */,
				9A7EA4C64E447A2FC0BA5B27 /* Frameworks */,
			);
			sourceTree = "<group>";
		};
		FD75387020FCBCC700F99D83 /* Products */ = {
			isa = PBXGroup;
			children = (
				FD75386F20FCBCC700F99D83 /* MHNetwork.framework */,
				FD66C17C22E1FC1F00E35B5F /* ExampleApp.app */,
				FD66C21922E205AC00E35B5F /* MHNetworkTests.xctest */,
			);
			name = Products;
			sourceTree = "<group>";
		};
		FD75387120FCBCC700F99D83 /* MHNetwork */ = {
			isa = PBXGroup;
			children = (
				FDCC0C0D20FCEC5700092F44 /* Network */,
				FD75387220FCBCC700F99D83 /* MHNetwork.h */,
				FD75387320FCBCC700F99D83 /* Info.plist */,
			);
			path = MHNetwork;
			sourceTree = "<group>";
		};
		FDCC0C0D20FCEC5700092F44 /* Network */ = {
			isa = PBXGroup;
			children = (
				FD75388A20FCBCF100F99D83 /* Environment.swift */,
				FD75388B20FCBCF100F99D83 /* Response.swift */,
				FD75388C20FCBCF100F99D83 /* Request.swift */,
				FDA192B120FE4944001C586F /* Operations.swift */,
				FD75388F20FCBCF100F99D83 /* NetworkDispatcher.swift */,
				FD1F50ED2105D7C900313702 /* Helpers */,
			);
			path = Network;
			sourceTree = "<group>";
		};
/* End PBXGroup section */

/* Begin PBXHeadersBuildPhase section */
		FD75386C20FCBCC700F99D83 /* Headers */ = {
			isa = PBXHeadersBuildPhase;
			buildActionMask = 2147483647;
			files = (
				FD75388020FCBCC700F99D83 /* MHNetwork.h in Headers */,
			);
			runOnlyForDeploymentPostprocessing = 0;
		};
/* End PBXHeadersBuildPhase section */

/* Begin PBXNativeTarget section */
		FD66C17B22E1FC1F00E35B5F /* ExampleApp */ = {
			isa = PBXNativeTarget;
			buildConfigurationList = FD66C18B22E1FC2000E35B5F /* Build configuration list for PBXNativeTarget "ExampleApp" */;
			buildPhases = (
				FD66C17822E1FC1F00E35B5F /* Sources */,
				FD66C17922E1FC1F00E35B5F /* Frameworks */,
				FD66C17A22E1FC1F00E35B5F /* Resources */,
			);
			buildRules = (
			);
			dependencies = (
			);
			name = ExampleApp;
			productName = ExampleApp;
			productReference = FD66C17C22E1FC1F00E35B5F /* ExampleApp.app */;
			productType = "com.apple.product-type.application";
		};
		FD66C21822E205AC00E35B5F /* MHNetworkTests */ = {
			isa = PBXNativeTarget;
			buildConfigurationList = FD66C22122E205AC00E35B5F /* Build configuration list for PBXNativeTarget "MHNetworkTests" */;
			buildPhases = (
				FD66C21522E205AC00E35B5F /* Sources */,
				FD66C21622E205AC00E35B5F /* Frameworks */,
				FD66C21722E205AC00E35B5F /* Resources */,
			);
			buildRules = (
			);
			dependencies = (
				FD66C22022E205AC00E35B5F /* PBXTargetDependency */,
				FD87967622E20ABD00EC2153 /* PBXTargetDependency */,
			);
			name = MHNetworkTests;
			productName = MHNetworkTests;
			productReference = FD66C21922E205AC00E35B5F /* MHNetworkTests.xctest */;
			productType = "com.apple.product-type.bundle.unit-test";
		};
		FD75386E20FCBCC700F99D83 /* MHNetwork */ = {
			isa = PBXNativeTarget;
			buildConfigurationList = FD75388320FCBCC700F99D83 /* Build configuration list for PBXNativeTarget "MHNetwork" */;
			buildPhases = (
				FD75386A20FCBCC700F99D83 /* Sources */,
				FD75386B20FCBCC700F99D83 /* Frameworks */,
				FD75386C20FCBCC700F99D83 /* Headers */,
				FD75386D20FCBCC700F99D83 /* Resources */,
			);
			buildRules = (
			);
			dependencies = (
			);
			name = MHNetwork;
			productName = MHNetwork;
			productReference = FD75386F20FCBCC700F99D83 /* MHNetwork.framework */;
			productType = "com.apple.product-type.framework";
		};
/* End PBXNativeTarget section */

/* Begin PBXProject section */
		FD75386620FCBCC700F99D83 /* Project object */ = {
			isa = PBXProject;
			attributes = {
				LastSwiftUpdateCheck = 1020;
				LastUpgradeCheck = 0940;
				ORGANIZATIONNAME = "Mohamed Hegab";
				TargetAttributes = {
					FD66C17B22E1FC1F00E35B5F = {
						CreatedOnToolsVersion = 10.2;
					};
					FD66C21822E205AC00E35B5F = {
						CreatedOnToolsVersion = 10.2;
						TestTargetID = FD66C17B22E1FC1F00E35B5F;
					};
					FD75386E20FCBCC700F99D83 = {
						CreatedOnToolsVersion = 9.4;
						LastSwiftMigration = 1020;
					};
				};
			};
			buildConfigurationList = FD75386920FCBCC700F99D83 /* Build configuration list for PBXProject "MHNetwork" */;
			compatibilityVersion = "Xcode 9.3";
			developmentRegion = en;
			hasScannedForEncodings = 0;
			knownRegions = (
				en,
				Base,
			);
			mainGroup = FD75386520FCBCC700F99D83;
			productRefGroup = FD75387020FCBCC700F99D83 /* Products */;
			projectDirPath = "";
			projectRoot = "";
			targets = (
				FD75386E20FCBCC700F99D83 /* MHNetwork */,
				FD66C17B22E1FC1F00E35B5F /* ExampleApp */,
				FD66C21822E205AC00E35B5F /* MHNetworkTests */,
			);
		};
/* End PBXProject section */

/* Begin PBXResourcesBuildPhase section */
		FD66C17A22E1FC1F00E35B5F /* Resources */ = {
			isa = PBXResourcesBuildPhase;
			buildActionMask = 2147483647;
			files = (
				FD66C1DF22E2014900E35B5F /* UserCell.xib in Resources */,
				FD66C1E322E2014900E35B5F /* UserViewController.xib in Resources */,
				FD66C1EE22E2014900E35B5F /* PostViewController.xib in Resources */,
				FD66C1EF22E2014900E35B5F /* PostCell.xib in Resources */,
				FD66C18922E1FC2000E35B5F /* LaunchScreen.storyboard in Resources */,
				FD66C18622E1FC2000E35B5F /* Assets.xcassets in Resources */,
			);
			runOnlyForDeploymentPostprocessing = 0;
		};
		FD66C21722E205AC00E35B5F /* Resources */ = {
			isa = PBXResourcesBuildPhase;
			buildActionMask = 2147483647;
			files = (
			);
			runOnlyForDeploymentPostprocessing = 0;
		};
		FD75386D20FCBCC700F99D83 /* Resources */ = {
			isa = PBXResourcesBuildPhase;
			buildActionMask = 2147483647;
			files = (
			);
			runOnlyForDeploymentPostprocessing = 0;
		};
/* End PBXResourcesBuildPhase section */

/* Begin PBXSourcesBuildPhase section */
		FD66C17822E1FC1F00E35B5F /* Sources */ = {
			isa = PBXSourcesBuildPhase;
			buildActionMask = 2147483647;
			files = (
				FD66C1FA22E2042200E35B5F /* Environment.swift in Sources */,
				FD66C1FB22E2042200E35B5F /* Response.swift in Sources */,
				FD66C1FC22E2042200E35B5F /* Request.swift in Sources */,
				FD66C1FD22E2042200E35B5F /* Operations.swift in Sources */,
				FD66C1FE22E2042200E35B5F /* NetworkDispatcher.swift in Sources */,
				FD66C1FF22E2042200E35B5F /* StatusCodes.swift in Sources */,
				FD66C1DC22E2014900E35B5F /* BaseRouter.swift in Sources */,
				FD66C1E522E2014900E35B5F /* GetUsersTask.swift in Sources */,
				FD66C1ED22E2014900E35B5F /* Post.swift in Sources */,
				FD66C1EA22E2014900E35B5F /* UserPresenter.swift in Sources */,
				FD66C1E822E2014900E35B5F /* UserInteractor.swift in Sources */,
				FD66C1F122E2014900E35B5F /* PostRouter.swift in Sources */,
				FD66C1F322E2014900E35B5F /* UIColor+Extension.swift in Sources */,
				FD66C1DB22E2014900E35B5F /* BaseDatasources.swift in Sources */,
				FD66C1DA22E2014900E35B5F /* PostInteractor.swift in Sources */,
				FD66C1EC22E2014900E35B5F /* PostsDatasources.swift in Sources */,
				FD66C1E622E2014900E35B5F /* UserViewController.swift in Sources */,
				FD66C1E422E2014900E35B5F /* UserRequests.swift in Sources */,
				FD66C1E922E2014900E35B5F /* User.swift in Sources */,
				FD66C1E122E2014900E35B5F /* UserDatasources.swift in Sources */,
				FD66C1DD22E2014900E35B5F /* PostViewController.swift in Sources */,
				FD66C1F222E2014900E35B5F /* TableViewCell+Extensions.swift in Sources */,
				FD66C1D722E2014900E35B5F /* Container.swift in Sources */,
				FD66C1E722E2014900E35B5F /* UserProtocols.swift in Sources */,
				FD66C1D822E2014900E35B5F /* PostRequests.swift in Sources */,
				FD66C17F22E1FC1F00E35B5F /* AppDelegate.swift in Sources */,
				FD66C1EB22E2014900E35B5F /* PostPresenter.swift in Sources */,
				FD66C1F022E2014900E35B5F /* PostCell.swift in Sources */,
				FD66C1E022E2014900E35B5F /* UserCell.swift in Sources */,
				FD66C1AD22E1FF6300E35B5F /* Error+Extensions.swift in Sources */,
				FD66C1E222E2014900E35B5F /* UserRouter.swift in Sources */,
				FD66C1D922E2014900E35B5F /* GetPostTask.swift in Sources */,
				FD66C1DE22E2014900E35B5F /* PostProtocols.swift in Sources */,
			);
			runOnlyForDeploymentPostprocessing = 0;
		};
		FD66C21522E205AC00E35B5F /* Sources */ = {
			isa = PBXSourcesBuildPhase;
			buildActionMask = 2147483647;
			files = (
				FD66C22622E205B400E35B5F /* ResponseTest.swift in Sources */,
				FD66C22522E205B400E35B5F /* TestData.swift in Sources */,
				FD66C22422E205B400E35B5F /* NetworkDispatcherTest.swift in Sources */,
			);
			runOnlyForDeploymentPostprocessing = 0;
		};
		FD75386A20FCBCC700F99D83 /* Sources */ = {
			isa = PBXSourcesBuildPhase;
			buildActionMask = 2147483647;
			files = (
				FD75389120FCBCF100F99D83 /* Response.swift in Sources */,
				FD75389220FCBCF100F99D83 /* Request.swift in Sources */,
				FD75389520FCBCF100F99D83 /* NetworkDispatcher.swift in Sources */,
				FD75389020FCBCF100F99D83 /* Environment.swift in Sources */,
				FDA192B220FE4944001C586F /* Operations.swift in Sources */,
				FD7AB6232102447E00B95DBB /* StatusCodes.swift in Sources */,
			);
			runOnlyForDeploymentPostprocessing = 0;
		};
/* End PBXSourcesBuildPhase section */

/* Begin PBXTargetDependency section */
		FD66C22022E205AC00E35B5F /* PBXTargetDependency */ = {
			isa = PBXTargetDependency;
			target = FD75386E20FCBCC700F99D83 /* MHNetwork */;
			targetProxy = FD66C21F22E205AC00E35B5F /* PBXContainerItemProxy */;
		};
		FD87967622E20ABD00EC2153 /* PBXTargetDependency */ = {
			isa = PBXTargetDependency;
			target = FD66C17B22E1FC1F00E35B5F /* ExampleApp */;
			targetProxy = FD87967522E20ABD00EC2153 /* PBXContainerItemProxy */;
		};
/* End PBXTargetDependency section */

/* Begin PBXVariantGroup section */
		FD66C18722E1FC2000E35B5F /* LaunchScreen.storyboard */ = {
			isa = PBXVariantGroup;
			children = (
				FD66C18822E1FC2000E35B5F /* Base */,
			);
			name = LaunchScreen.storyboard;
			sourceTree = "<group>";
		};
/* End PBXVariantGroup section */

/* Begin XCBuildConfiguration section */
		FD66C18C22E1FC2000E35B5F /* Debug */ = {
			isa = XCBuildConfiguration;
			buildSettings = {
				ASSETCATALOG_COMPILER_APPICON_NAME = AppIcon;
				CODE_SIGN_STYLE = Automatic;
				DEVELOPMENT_TEAM = 6XF42ZHPGY;
				INFOPLIST_FILE = ExampleApp/Info.plist;
				IPHONEOS_DEPLOYMENT_TARGET = 9.0;
				LD_RUNPATH_SEARCH_PATHS = (
					"$(inherited)",
					"@executable_path/Frameworks",
				);
				MTL_ENABLE_DEBUG_INFO = INCLUDE_SOURCE;
				MTL_FAST_MATH = YES;
				PRODUCT_BUNDLE_IDENTIFIER = com.MHNetwork.ExampleApp;
				PRODUCT_NAME = "$(TARGET_NAME)";
				SWIFT_VERSION = 5.0;
				TARGETED_DEVICE_FAMILY = "1,2";
			};
			name = Debug;
		};
		FD66C18D22E1FC2000E35B5F /* Release */ = {
			isa = XCBuildConfiguration;
			buildSettings = {
				ASSETCATALOG_COMPILER_APPICON_NAME = AppIcon;
				CODE_SIGN_STYLE = Automatic;
				DEVELOPMENT_TEAM = 6XF42ZHPGY;
				INFOPLIST_FILE = ExampleApp/Info.plist;
				IPHONEOS_DEPLOYMENT_TARGET = 9.0;
				LD_RUNPATH_SEARCH_PATHS = (
					"$(inherited)",
					"@executable_path/Frameworks",
				);
				MTL_FAST_MATH = YES;
				PRODUCT_BUNDLE_IDENTIFIER = com.MHNetwork.ExampleApp;
				PRODUCT_NAME = "$(TARGET_NAME)";
				SWIFT_VERSION = 5.0;
				TARGETED_DEVICE_FAMILY = "1,2";
			};
			name = Release;
		};
		FD66C22222E205AC00E35B5F /* Debug */ = {
			isa = XCBuildConfiguration;
			buildSettings = {
				CODE_SIGN_STYLE = Automatic;
				DEVELOPMENT_TEAM = 6XF42ZHPGY;
				INFOPLIST_FILE = MHNetworkTests/Info.plist;
				IPHONEOS_DEPLOYMENT_TARGET = 12.2;
				LD_RUNPATH_SEARCH_PATHS = (
					"$(inherited)",
					"@executable_path/Frameworks",
					"@loader_path/Frameworks",
				);
				MTL_ENABLE_DEBUG_INFO = INCLUDE_SOURCE;
				MTL_FAST_MATH = YES;
				PRODUCT_BUNDLE_IDENTIFIER = com.MHNetwork.MHNetworkTests;
				PRODUCT_NAME = "$(TARGET_NAME)";
				SWIFT_VERSION = 5.0;
				TARGETED_DEVICE_FAMILY = "1,2";
				TEST_HOST = "$(BUILT_PRODUCTS_DIR)/ExampleApp.app/ExampleApp";
			};
			name = Debug;
		};
		FD66C22322E205AC00E35B5F /* Release */ = {
			isa = XCBuildConfiguration;
			buildSettings = {
				CODE_SIGN_STYLE = Automatic;
				DEVELOPMENT_TEAM = 6XF42ZHPGY;
				INFOPLIST_FILE = MHNetworkTests/Info.plist;
				IPHONEOS_DEPLOYMENT_TARGET = 12.2;
				LD_RUNPATH_SEARCH_PATHS = (
					"$(inherited)",
					"@executable_path/Frameworks",
					"@loader_path/Frameworks",
				);
				MTL_FAST_MATH = YES;
				PRODUCT_BUNDLE_IDENTIFIER = com.MHNetwork.MHNetworkTests;
				PRODUCT_NAME = "$(TARGET_NAME)";
				SWIFT_VERSION = 5.0;
				TARGETED_DEVICE_FAMILY = "1,2";
				TEST_HOST = "$(BUILT_PRODUCTS_DIR)/ExampleApp.app/ExampleApp";
			};
			name = Release;
		};
		FD75388120FCBCC700F99D83 /* Debug */ = {
			isa = XCBuildConfiguration;
			buildSettings = {
				ALWAYS_SEARCH_USER_PATHS = NO;
				CLANG_ANALYZER_NONNULL = YES;
				CLANG_ANALYZER_NUMBER_OBJECT_CONVERSION = YES_AGGRESSIVE;
				CLANG_CXX_LANGUAGE_STANDARD = "gnu++14";
				CLANG_CXX_LIBRARY = "libc++";
				CLANG_ENABLE_MODULES = YES;
				CLANG_ENABLE_OBJC_ARC = YES;
				CLANG_ENABLE_OBJC_WEAK = YES;
				CLANG_WARN_BLOCK_CAPTURE_AUTORELEASING = YES;
				CLANG_WARN_BOOL_CONVERSION = YES;
				CLANG_WARN_COMMA = YES;
				CLANG_WARN_CONSTANT_CONVERSION = YES;
				CLANG_WARN_DEPRECATED_OBJC_IMPLEMENTATIONS = YES;
				CLANG_WARN_DIRECT_OBJC_ISA_USAGE = YES_ERROR;
				CLANG_WARN_DOCUMENTATION_COMMENTS = YES;
				CLANG_WARN_EMPTY_BODY = YES;
				CLANG_WARN_ENUM_CONVERSION = YES;
				CLANG_WARN_INFINITE_RECURSION = YES;
				CLANG_WARN_INT_CONVERSION = YES;
				CLANG_WARN_NON_LITERAL_NULL_CONVERSION = YES;
				CLANG_WARN_OBJC_IMPLICIT_RETAIN_SELF = YES;
				CLANG_WARN_OBJC_LITERAL_CONVERSION = YES;
				CLANG_WARN_OBJC_ROOT_CLASS = YES_ERROR;
				CLANG_WARN_RANGE_LOOP_ANALYSIS = YES;
				CLANG_WARN_STRICT_PROTOTYPES = YES;
				CLANG_WARN_SUSPICIOUS_MOVE = YES;
				CLANG_WARN_UNGUARDED_AVAILABILITY = YES_AGGRESSIVE;
				CLANG_WARN_UNREACHABLE_CODE = YES;
				CLANG_WARN__DUPLICATE_METHOD_MATCH = YES;
				CODE_SIGN_IDENTITY = "iPhone Developer";
				COPY_PHASE_STRIP = NO;
				CURRENT_PROJECT_VERSION = 1;
				DEBUG_INFORMATION_FORMAT = dwarf;
				ENABLE_STRICT_OBJC_MSGSEND = YES;
				ENABLE_TESTABILITY = YES;
				GCC_C_LANGUAGE_STANDARD = gnu11;
				GCC_DYNAMIC_NO_PIC = NO;
				GCC_NO_COMMON_BLOCKS = YES;
				GCC_OPTIMIZATION_LEVEL = 0;
				GCC_PREPROCESSOR_DEFINITIONS = (
					"DEBUG=1",
					"$(inherited)",
				);
				GCC_WARN_64_TO_32_BIT_CONVERSION = YES;
				GCC_WARN_ABOUT_RETURN_TYPE = YES_ERROR;
				GCC_WARN_UNDECLARED_SELECTOR = YES;
				GCC_WARN_UNINITIALIZED_AUTOS = YES_AGGRESSIVE;
				GCC_WARN_UNUSED_FUNCTION = YES;
				GCC_WARN_UNUSED_VARIABLE = YES;
				IPHONEOS_DEPLOYMENT_TARGET = 8.0;
				MTL_ENABLE_DEBUG_INFO = YES;
				ONLY_ACTIVE_ARCH = YES;
				SDKROOT = iphoneos;
				SWIFT_ACTIVE_COMPILATION_CONDITIONS = DEBUG;
				SWIFT_OPTIMIZATION_LEVEL = "-Onone";
				SWIFT_VERSION = 4.2;
				VERSIONING_SYSTEM = "apple-generic";
				VERSION_INFO_PREFIX = "";
			};
			name = Debug;
		};
		FD75388220FCBCC700F99D83 /* Release */ = {
			isa = XCBuildConfiguration;
			buildSettings = {
				ALWAYS_SEARCH_USER_PATHS = NO;
				CLANG_ANALYZER_NONNULL = YES;
				CLANG_ANALYZER_NUMBER_OBJECT_CONVERSION = YES_AGGRESSIVE;
				CLANG_CXX_LANGUAGE_STANDARD = "gnu++14";
				CLANG_CXX_LIBRARY = "libc++";
				CLANG_ENABLE_MODULES = YES;
				CLANG_ENABLE_OBJC_ARC = YES;
				CLANG_ENABLE_OBJC_WEAK = YES;
				CLANG_WARN_BLOCK_CAPTURE_AUTORELEASING = YES;
				CLANG_WARN_BOOL_CONVERSION = YES;
				CLANG_WARN_COMMA = YES;
				CLANG_WARN_CONSTANT_CONVERSION = YES;
				CLANG_WARN_DEPRECATED_OBJC_IMPLEMENTATIONS = YES;
				CLANG_WARN_DIRECT_OBJC_ISA_USAGE = YES_ERROR;
				CLANG_WARN_DOCUMENTATION_COMMENTS = YES;
				CLANG_WARN_EMPTY_BODY = YES;
				CLANG_WARN_ENUM_CONVERSION = YES;
				CLANG_WARN_INFINITE_RECURSION = YES;
				CLANG_WARN_INT_CONVERSION = YES;
				CLANG_WARN_NON_LITERAL_NULL_CONVERSION = YES;
				CLANG_WARN_OBJC_IMPLICIT_RETAIN_SELF = YES;
				CLANG_WARN_OBJC_LITERAL_CONVERSION = YES;
				CLANG_WARN_OBJC_ROOT_CLASS = YES_ERROR;
				CLANG_WARN_RANGE_LOOP_ANALYSIS = YES;
				CLANG_WARN_STRICT_PROTOTYPES = YES;
				CLANG_WARN_SUSPICIOUS_MOVE = YES;
				CLANG_WARN_UNGUARDED_AVAILABILITY = YES_AGGRESSIVE;
				CLANG_WARN_UNREACHABLE_CODE = YES;
				CLANG_WARN__DUPLICATE_METHOD_MATCH = YES;
				CODE_SIGN_IDENTITY = "iPhone Developer";
				COPY_PHASE_STRIP = NO;
				CURRENT_PROJECT_VERSION = 1;
				DEBUG_INFORMATION_FORMAT = "dwarf-with-dsym";
				ENABLE_NS_ASSERTIONS = NO;
				ENABLE_STRICT_OBJC_MSGSEND = YES;
				GCC_C_LANGUAGE_STANDARD = gnu11;
				GCC_NO_COMMON_BLOCKS = YES;
				GCC_WARN_64_TO_32_BIT_CONVERSION = YES;
				GCC_WARN_ABOUT_RETURN_TYPE = YES_ERROR;
				GCC_WARN_UNDECLARED_SELECTOR = YES;
				GCC_WARN_UNINITIALIZED_AUTOS = YES_AGGRESSIVE;
				GCC_WARN_UNUSED_FUNCTION = YES;
				GCC_WARN_UNUSED_VARIABLE = YES;
				IPHONEOS_DEPLOYMENT_TARGET = 8.0;
				MTL_ENABLE_DEBUG_INFO = NO;
				SDKROOT = iphoneos;
				SWIFT_COMPILATION_MODE = wholemodule;
				SWIFT_OPTIMIZATION_LEVEL = "-O";
				SWIFT_VERSION = 4.2;
				VALIDATE_PRODUCT = YES;
				VERSIONING_SYSTEM = "apple-generic";
				VERSION_INFO_PREFIX = "";
			};
			name = Release;
		};
		FD75388420FCBCC700F99D83 /* Debug */ = {
			isa = XCBuildConfiguration;
			buildSettings = {
				CODE_SIGN_IDENTITY = "";
				CODE_SIGN_STYLE = Automatic;
				DEFINES_MODULE = YES;
				DEVELOPMENT_TEAM = "";
				DYLIB_COMPATIBILITY_VERSION = 1;
				DYLIB_CURRENT_VERSION = 1;
				DYLIB_INSTALL_NAME_BASE = "@rpath";
				INFOPLIST_FILE = MHNetwork/Info.plist;
				INSTALL_PATH = "$(LOCAL_LIBRARY_DIR)/Frameworks";
				LD_RUNPATH_SEARCH_PATHS = (
					"$(inherited)",
					"@executable_path/Frameworks",
					"@loader_path/Frameworks",
				);
				PRODUCT_BUNDLE_IDENTIFIER = com.thedarkdimension.MHNetwork;
				PRODUCT_NAME = "$(TARGET_NAME:c99extidentifier)";
				SKIP_INSTALL = YES;
				SWIFT_VERSION = 5.0;
				TARGETED_DEVICE_FAMILY = "1,2";
			};
			name = Debug;
		};
		FD75388520FCBCC700F99D83 /* Release */ = {
			isa = XCBuildConfiguration;
			buildSettings = {
				CODE_SIGN_IDENTITY = "";
				CODE_SIGN_STYLE = Automatic;
				DEFINES_MODULE = YES;
				DEVELOPMENT_TEAM = "";
				DYLIB_COMPATIBILITY_VERSION = 1;
				DYLIB_CURRENT_VERSION = 1;
				DYLIB_INSTALL_NAME_BASE = "@rpath";
				INFOPLIST_FILE = MHNetwork/Info.plist;
				INSTALL_PATH = "$(LOCAL_LIBRARY_DIR)/Frameworks";
				LD_RUNPATH_SEARCH_PATHS = (
					"$(inherited)",
					"@executable_path/Frameworks",
					"@loader_path/Frameworks",
				);
				PRODUCT_BUNDLE_IDENTIFIER = com.thedarkdimension.MHNetwork;
				PRODUCT_NAME = "$(TARGET_NAME:c99extidentifier)";
				SKIP_INSTALL = YES;
				SWIFT_VERSION = 5.0;
				TARGETED_DEVICE_FAMILY = "1,2";
			};
			name = Release;
		};
/* End XCBuildConfiguration section */

/* Begin XCConfigurationList section */
		FD66C18B22E1FC2000E35B5F /* Build configuration list for PBXNativeTarget "ExampleApp" */ = {
			isa = XCConfigurationList;
			buildConfigurations = (
				FD66C18C22E1FC2000E35B5F /* Debug */,
				FD66C18D22E1FC2000E35B5F /* Release */,
			);
			defaultConfigurationIsVisible = 0;
			defaultConfigurationName = Release;
		};
		FD66C22122E205AC00E35B5F /* Build configuration list for PBXNativeTarget "MHNetworkTests" */ = {
			isa = XCConfigurationList;
			buildConfigurations = (
				FD66C22222E205AC00E35B5F /* Debug */,
				FD66C22322E205AC00E35B5F /* Release */,
			);
			defaultConfigurationIsVisible = 0;
			defaultConfigurationName = Release;
		};
		FD75386920FCBCC700F99D83 /* Build configuration list for PBXProject "MHNetwork" */ = {
			isa = XCConfigurationList;
			buildConfigurations = (
				FD75388120FCBCC700F99D83 /* Debug */,
				FD75388220FCBCC700F99D83 /* Release */,
			);
			defaultConfigurationIsVisible = 0;
			defaultConfigurationName = Release;
		};
		FD75388320FCBCC700F99D83 /* Build configuration list for PBXNativeTarget "MHNetwork" */ = {
			isa = XCConfigurationList;
			buildConfigurations = (
				FD75388420FCBCC700F99D83 /* Debug */,
				FD75388520FCBCC700F99D83 /* Release */,
			);
			defaultConfigurationIsVisible = 0;
			defaultConfigurationName = Release;
		};
/* End XCConfigurationList section */
	};
	rootObject = FD75386620FCBCC700F99D83 /* Project object */;
}
